{"1.2.0",
[{<<"base64url">>,{pkg,<<"base64url">>,<<"1.0.1">>},0},
 {<<"cowboy">>,{pkg,<<"cowboy">>,<<"2.18.0">>},0},
 {<<"cowlib">>,{pkg,<<"cowlib">>,<<"2.19.0">>},1},
 {<<"enats">>,{pkg,<<"enats">>,<<"1.2.0">>},0},
 {<<"enats_msg">>,{pkg,<<"enats_msg">>,<<"1.0.3">>},1},
 {<<"eqwalizer_support">>,
  {git_subdir,"https://github.com/whatsapp/eqwalizer.git",
              {ref,"c57aa9e3a05553d1ba66ea647a2177eaa469211b"},
              "eqwalizer_support"},
  0},
 {<<"ezstd">>,{pkg,<<"ezstd">>,<<"1.1.0">>},0},
 {<<"jose">>,{pkg,<<"jose">>,<<"1.11.10">>},0},
 {<<"opentelemetry_api">>,{pkg,<<"opentelemetry_api">>,<<"1.4.0">>},1},
 {<<"ranch">>,{pkg,<<"ranch">>,<<"2.2.1">>},1}]}.
[
{pkg_hash,[
 {<<"base64url">>, <<"F8C7F2DA04CA9A5D0F5F50258F055E1D699F0E8BF4CFDB30B750865368403CF6">>},
 {<<"cowboy">>, <<"BFF388EB4D6356CB3F88C26E65B515976BF04B401B805D31550C3E60EBA8FE18">>},
 {<<"cowlib">>, <<"C9D11C9D035472E27A740C9F327786C61ED209269B4BE0260D59D3EC07B8949F">>},
 {<<"enats">>, <<"D7459C804013CAFA4AF880B18D446C48890D28D372D62AD66C76187E5779248D">>},
 {<<"enats_msg">>, <<"50631124F37D88BE76A91A5B96A6565C5981EBF917CD819F0175CA658A966F43">>},
 {<<"ezstd">>, <<"D3B483D6ACFADFB65DBA4015371E6D54526DBF3D9EF0941B5ADD8BF5890731F4">>},
 {<<"jose">>, <<"A903F5227417BD2A08C8A00A0CBCC458118BE84480955E8D251297A425723F83">>},
 {<<"opentelemetry_api">>, <<"63CA1742F92F00059298F478048DFB826F4B20D49534493D6919A0DB39B6DB04">>},
 {<<"ranch">>, <<"FC2BB0E800EFBEAB8FF82EB325450B9C08653B14C3F69E8B09BBEA304973105D">>}]},
{pkg_hash_ext,[
 {<<"base64url">>, <<"F9B3ADD4731A02A9B0410398B475B33E7566A695365237A6BDEE1BB447719F5C">>},
 {<<"cowboy">>, <<"62D0B26ABCF455054972B0DA242389C69D5982CE5914AFB8C344517F667B9600">>},
 {<<"cowlib">>, <<"6DC66E3135B229193EA4DCB14294E79520C923D391315C9C962EF0B4BEA72356">>},
 {<<"enats">>, <<"20DEB3CB1D3E960194DF8B136C40D2DB085B485BBA5E493B340AB5F9FD2BED22">>},
 {<<"enats_msg">>, <<"C4F2139E5144FABC99AFE01B8B016AD9DA278CDDC60857AC5D5AFB0AD1283534">>},
 {<<"ezstd">>, <<"28CFA0ED6CC3922095AD5BA0F23392A1664273358B17184BAA909868361184E7">>},
 {<<"jose">>, <<"0D6CD36FF8BA174DB29148FC112B5842186B68A90CE9FC2B3EC3AFE76593E614">>},
 {<<"opentelemetry_api">>, <<"3DFBBFAA2C2ED3121C5C483162836C4F9027DEF469C41578AF5EF32589FCFC58">>},
 {<<"ranch">>, <<"55F05CCE20EC2DA1D90DE5D5981AFB93DBFC01325FC7E933189AA5C62F037C24">>}]}
].
